
Microsoft Visual Studio Solution File, Format Version 12.00
# Visual Studio Version 17
VisualStudioVersion = 17.5.002.0
MinimumVisualStudioVersion = 10.0.40219.1
Project("{9A19103F-16F7-4668-BE54-9A1E7A4F7556}") = "Stack_Koleksiyonu", "Stack_Koleksiyonu.csproj", "{9479DD38-34F7-4228-AC7B-0921EFEC04DA}"
EndProject
Global
	GlobalSection(SolutionConfigurationPlatforms) = preSolution
		Debug|Any CPU = Debug|Any CPU
		Release|Any CPU = Release|Any CPU
	EndGlobalSection
	GlobalSection(ProjectConfigurationPlatforms) = postSolution
		{9479DD38-34F7-4228-AC7B-0921EFEC04DA}.Debug|Any CPU.ActiveCfg = Debug|Any CPU
		{9479DD38-34F7-4228-AC7B-0921EFEC04DA}.Debug|Any CPU.Build.0 = Debug|Any CPU
		{9479DD38-34F7-4228-AC7B-0921EFEC04DA}.Release|Any CPU.ActiveCfg = Release|Any CPU
		{9479DD38-34F7-4228-AC7B-0921EFEC04DA}.Release|Any CPU.Build.0 = Release|Any CPU
	EndGlobalSection
	GlobalSection(SolutionProperties) = preSolution
		HideSolutionNode = FALSE
	EndGlobalSection
	GlobalSection(ExtensibilityGlobals) = postSolution
		SolutionGuid = {63C6A312-5A05-4CA3-8C15-21F4196CF3AB}
	EndGlobalSection
EndGlobal
